// !$*UTF8*$!
{
	archiveVersion = 1;
	classes = {
	};
	objectVersion = 48;
	objects = {

/* Begin PBXBuildFile section */
		2517A2BF1F82BFEC004AE168 /* RulesViewController.m in Sources */ = {isa = PBXBuildFile; fileRef = 2517A2BE1F82BFEC004AE168 /* RulesViewController.m */; };
		2529A0651F87AE0800C7EAF0 /* RulePredicateEditorViewController.m in Sources */ = {isa = PBXBuildFile; fileRef = 2529A0641F87AE0800C7EAF0 /* RulePredicateEditorViewController.m */; };
		253949961F87F38E0079C922 /* NCLinksTabViewController.m in Sources */ = {isa = PBXBuildFile; fileRef = 253949951F87F38E0079C922 /* NCLinksTabViewController.m */; };
		2539F2EA1F88137300AB42C4 /* BrowserPopUpButton.m in Sources */ = {isa = PBXBuildFile; fileRef = 2539F2E91F88137300AB42C4 /* BrowserPopUpButton.m */; };
		254A6DE41F8B029F00063E11 /* AboutViewController.m in Sources */ = {isa = PBXBuildFile; fileRef = 254A6DE31F8B029F00063E11 /* AboutViewController.m */; };
		25556E9E1F7D90A300A1C486 /* PreferencesViewController.m in Sources */ = {isa = PBXBuildFile; fileRef = 25556E9D1F7D90A300A1C486 /* PreferencesViewController.m */; };
		2563ACF01F8BDF8B00681D3C /* WindowController.m in Sources */ = {isa = PBXBuildFile; fileRef = 2563ACEF1F8BDF8B00681D3C /* WindowController.m */; };
		2563ACF41F8C169B00681D3C /* IsOneObjectValueTransformer.m in Sources */ = {isa = PBXBuildFile; fileRef = 2563ACF31F8C169B00681D3C /* IsOneObjectValueTransformer.m */; };
		2563ACF51F8C1AB400681D3C /* NSUserDefaults+Links.m in Sources */ = {isa = PBXBuildFile; fileRef = 2517A2CD1F82CA60004AE168 /* NSUserDefaults+Links.m */; };
		2563ACF61F8C1AB400681D3C /* NSBundle+Links.m in Sources */ = {isa = PBXBuildFile; fileRef = 25C21E1C1F8AF43A0011E8E5 /* NSBundle+Links.m */; };
		2563ACF81F8C1E1500681D3C /* Rule.m in Sources */ = {isa = PBXBuildFile; fileRef = 2517A2B81F82B9A6004AE168 /* Rule.m */; };
		2563ACF91F8C1E1800681D3C /* Browser.m in Sources */ = {isa = PBXBuildFile; fileRef = 2539498B1F87D6E70079C922 /* Browser.m */; };
		2563ACFD1F8C1FC300681D3C /* StatusBarItemController.m in Sources */ = {isa = PBXBuildFile; fileRef = 2563ACFC1F8C1FC300681D3C /* StatusBarItemController.m */; };
		2574E4D61F8534E500FEC112 /* NCLinksUserDefaulsController.m in Sources */ = {isa = PBXBuildFile; fileRef = 2574E4D51F8534E500FEC112 /* NCLinksUserDefaulsController.m */; };
		25C21E201F8AF77D0011E8E5 /* HyperlinkLabel.m in Sources */ = {isa = PBXBuildFile; fileRef = 25C21E1F1F8AF77D0011E8E5 /* HyperlinkLabel.m */; };
		25C21E261F8AFABA0011E8E5 /* NSAttributedString+Links.m in Sources */ = {isa = PBXBuildFile; fileRef = 25C21E251F8AFABA0011E8E5 /* NSAttributedString+Links.m */; };
		25DB3AF51F7D88D200484310 /* AppDelegate.m in Sources */ = {isa = PBXBuildFile; fileRef = 25DB3AF41F7D88D200484310 /* AppDelegate.m */; };
		25DB3AFA1F7D88D200484310 /* Assets.xcassets in Resources */ = {isa = PBXBuildFile; fileRef = 25DB3AF91F7D88D200484310 /* Assets.xcassets */; };
		25DB3AFD1F7D88D200484310 /* Main.storyboard in Resources */ = {isa = PBXBuildFile; fileRef = 25DB3AFB1F7D88D200484310 /* Main.storyboard */; };
		25DB3B001F7D88D200484310 /* main.m in Sources */ = {isa = PBXBuildFile; fileRef = 25DB3AFF1F7D88D200484310 /* main.m */; };
/* End PBXBuildFile section */

/* Begin PBXFileReference section */
		2517A2B71F82B9A6004AE168 /* Rule.h */ = {isa = PBXFileReference; lastKnownFileType = sourcecode.c.h; path = Rule.h; sourceTree = "<group>"; };
		2517A2B81F82B9A6004AE168 /* Rule.m */ = {isa = PBXFileReference; lastKnownFileType = sourcecode.c.objc; path = Rule.m; sourceTree = "<group>"; };
		2517A2BD1F82BFEC004AE168 /* RulesViewController.h */ = {isa = PBXFileReference; lastKnownFileType = sourcecode.c.h; path = RulesViewController.h; sourceTree = "<group>"; };
		2517A2BE1F82BFEC004AE168 /* RulesViewController.m */ = {isa = PBXFileReference; lastKnownFileType = sourcecode.c.objc; path = RulesViewController.m; sourceTree = "<group>"; };
		2517A2CC1F82CA60004AE168 /* NSUserDefaults+Links.h */ = {isa = PBXFileReference; lastKnownFileType = sourcecode.c.h; path = "NSUserDefaults+Links.h"; sourceTree = "<group>"; };
		2517A2CD1F82CA60004AE168 /* NSUserDefaults+Links.m */ = {isa = PBXFileReference; lastKnownFileType = sourcecode.c.objc; path = "NSUserDefaults+Links.m"; sourceTree = "<group>"; };
		2529A0631F87AE0800C7EAF0 /* RulePredicateEditorViewController.h */ = {isa = PBXFileReference; lastKnownFileType = sourcecode.c.h; path = RulePredicateEditorViewController.h; sourceTree = "<group>"; };
		2529A0641F87AE0800C7EAF0 /* RulePredicateEditorViewController.m */ = {isa = PBXFileReference; lastKnownFileType = sourcecode.c.objc; path = RulePredicateEditorViewController.m; sourceTree = "<group>"; };
		2539498A1F87D6E70079C922 /* Browser.h */ = {isa = PBXFileReference; lastKnownFileType = sourcecode.c.h; path = Browser.h; sourceTree = "<group>"; };
		2539498B1F87D6E70079C922 /* Browser.m */ = {isa = PBXFileReference; lastKnownFileType = sourcecode.c.objc; path = Browser.m; sourceTree = "<group>"; };
		253949941F87F38E0079C922 /* NCLinksTabViewController.h */ = {isa = PBXFileReference; lastKnownFileType = sourcecode.c.h; path = NCLinksTabViewController.h; sourceTree = "<group>"; };
		253949951F87F38E0079C922 /* NCLinksTabViewController.m */ = {isa = PBXFileReference; lastKnownFileType = sourcecode.c.objc; path = NCLinksTabViewController.m; sourceTree = "<group>"; };
		2539F2E81F88137300AB42C4 /* BrowserPopUpButton.h */ = {isa = PBXFileReference; lastKnownFileType = sourcecode.c.h; path = BrowserPopUpButton.h; sourceTree = "<group>"; };
		2539F2E91F88137300AB42C4 /* BrowserPopUpButton.m */ = {isa = PBXFileReference; lastKnownFileType = sourcecode.c.objc; path = BrowserPopUpButton.m; sourceTree = "<group>"; };
		254A6DE21F8B029F00063E11 /* AboutViewController.h */ = {isa = PBXFileReference; lastKnownFileType = sourcecode.c.h; path = AboutViewController.h; sourceTree = "<group>"; };
		254A6DE31F8B029F00063E11 /* AboutViewController.m */ = {isa = PBXFileReference; lastKnownFileType = sourcecode.c.objc; path = AboutViewController.m; sourceTree = "<group>"; };
		25556E9C1F7D90A300A1C486 /* PreferencesViewController.h */ = {isa = PBXFileReference; lastKnownFileType = sourcecode.c.h; path = PreferencesViewController.h; sourceTree = "<group>"; };
		25556E9D1F7D90A300A1C486 /* PreferencesViewController.m */ = {isa = PBXFileReference; lastKnownFileType = sourcecode.c.objc; path = PreferencesViewController.m; sourceTree = "<group>"; };
		2563ACEC1F8BDD9300681D3C /* TODO.md */ = {isa = PBXFileReference; lastKnownFileType = net.daringfireball.markdown; path = TODO.md; sourceTree = "<group>"; };
		2563ACEE1F8BDF8B00681D3C /* WindowController.h */ = {isa = PBXFileReference; lastKnownFileType = sourcecode.c.h; path = WindowController.h; sourceTree = "<group>"; };
		2563ACEF1F8BDF8B00681D3C /* WindowController.m */ = {isa = PBXFileReference; lastKnownFileType = sourcecode.c.objc; path = WindowController.m; sourceTree = "<group>"; };
		2563ACF21F8C169B00681D3C /* IsOneObjectValueTransformer.h */ = {isa = PBXFileReference; lastKnownFileType = sourcecode.c.h; path = IsOneObjectValueTransformer.h; sourceTree = "<group>"; };
		2563ACF31F8C169B00681D3C /* IsOneObjectValueTransformer.m */ = {isa = PBXFileReference; lastKnownFileType = sourcecode.c.objc; path = IsOneObjectValueTransformer.m; sourceTree = "<group>"; };
		2563ACF71F8C1D5B00681D3C /* Constants.h */ = {isa = PBXFileReference; lastKnownFileType = sourcecode.c.h; path = Constants.h; sourceTree = "<group>"; };
		2563ACFB1F8C1FC300681D3C /* StatusBarItemController.h */ = {isa = PBXFileReference; lastKnownFileType = sourcecode.c.h; path = StatusBarItemController.h; sourceTree = "<group>"; };
		2563ACFC1F8C1FC300681D3C /* StatusBarItemController.m */ = {isa = PBXFileReference; lastKnownFileType = sourcecode.c.objc; path = StatusBarItemController.m; sourceTree = "<group>"; };
		2574E4D41F8534E500FEC112 /* NCLinksUserDefaulsController.h */ = {isa = PBXFileReference; lastKnownFileType = sourcecode.c.h; path = NCLinksUserDefaulsController.h; sourceTree = "<group>"; };
		2574E4D51F8534E500FEC112 /* NCLinksUserDefaulsController.m */ = {isa = PBXFileReference; lastKnownFileType = sourcecode.c.objc; path = NCLinksUserDefaulsController.m; sourceTree = "<group>"; };
		25C21E1B1F8AF43A0011E8E5 /* NSBundle+Links.h */ = {isa = PBXFileReference; lastKnownFileType = sourcecode.c.h; path = "NSBundle+Links.h"; sourceTree = "<group>"; };
		25C21E1C1F8AF43A0011E8E5 /* NSBundle+Links.m */ = {isa = PBXFileReference; lastKnownFileType = sourcecode.c.objc; path = "NSBundle+Links.m"; sourceTree = "<group>"; };
		25C21E1E1F8AF77D0011E8E5 /* HyperlinkLabel.h */ = {isa = PBXFileReference; lastKnownFileType = sourcecode.c.h; path = HyperlinkLabel.h; sourceTree = "<group>"; };
		25C21E1F1F8AF77D0011E8E5 /* HyperlinkLabel.m */ = {isa = PBXFileReference; lastKnownFileType = sourcecode.c.objc; path = HyperlinkLabel.m; sourceTree = "<group>"; };
		25C21E241F8AFABA0011E8E5 /* NSAttributedString+Links.h */ = {isa = PBXFileReference; lastKnownFileType = sourcecode.c.h; path = "NSAttributedString+Links.h"; sourceTree = "<group>"; };
		25C21E251F8AFABA0011E8E5 /* NSAttributedString+Links.m */ = {isa = PBXFileReference; lastKnownFileType = sourcecode.c.objc; path = "NSAttributedString+Links.m"; sourceTree = "<group>"; };
		25DB3AF01F7D88D200484310 /* NuClear Links.app */ = {isa = PBXFileReference; explicitFileType = wrapper.application; includeInIndex = 0; path = "NuClear Links.app"; sourceTree = BUILT_PRODUCTS_DIR; };
		25DB3AF31F7D88D200484310 /* AppDelegate.h */ = {isa = PBXFileReference; lastKnownFileType = sourcecode.c.h; path = AppDelegate.h; sourceTree = "<group>"; };
		25DB3AF41F7D88D200484310 /* AppDelegate.m */ = {isa = PBXFileReference; lastKnownFileType = sourcecode.c.objc; path = AppDelegate.m; sourceTree = "<group>"; };
		25DB3AF91F7D88D200484310 /* Assets.xcassets */ = {isa = PBXFileReference; lastKnownFileType = folder.assetcatalog; path = Assets.xcassets; sourceTree = "<group>"; };
		25DB3AFC1F7D88D200484310 /* Base */ = {isa = PBXFileReference; lastKnownFileType = file.storyboard; name = Base; path = Base.lproj/Main.storyboard; sourceTree = "<group>"; };
		25DB3AFE1F7D88D200484310 /* Info.plist */ = {isa = PBXFileReference; lastKnownFileType = text.plist.xml; path = Info.plist; sourceTree = "<group>"; };
		25DB3AFF1F7D88D200484310 /* main.m */ = {isa = PBXFileReference; lastKnownFileType = sourcecode.c.objc; path = main.m; sourceTree = "<group>"; };
		25DB3B1C1F7D88F200484310 /* NuClear Links.entitlements */ = {isa = PBXFileReference; lastKnownFileType = text.plist.entitlements; path = "NuClear Links.entitlements"; sourceTree = "<group>"; };
/* End PBXFileReference section */

/* Begin PBXGroup section */
		2517A2B51F82B95B004AE168 /* Models */ = {
			isa = PBXGroup;
			children = (
				2517A2B71F82B9A6004AE168 /* Rule.h */,
				2517A2B81F82B9A6004AE168 /* Rule.m */,
				2539498A1F87D6E70079C922 /* Browser.h */,
				2539498B1F87D6E70079C922 /* Browser.m */,
			);
			path = Models;
			sourceTree = "<group>";
		};
		2517A2B61F82B965004AE168 /* Resources */ = {
			isa = PBXGroup;
			children = (
				25DB3B1C1F7D88F200484310 /* NuClear Links.entitlements */,
				25DB3AF91F7D88D200484310 /* Assets.xcassets */,
				25DB3AFB1F7D88D200484310 /* Main.storyboard */,
				25DB3AFE1F7D88D200484310 /* Info.plist */,
			);
			name = Resources;
			sourceTree = "<group>";
		};
		253949981F8804DA0079C922 /* Views */ = {
			isa = PBXGroup;
			children = (
				2539F2E81F88137300AB42C4 /* BrowserPopUpButton.h */,
				2539F2E91F88137300AB42C4 /* BrowserPopUpButton.m */,
				25C21E1E1F8AF77D0011E8E5 /* HyperlinkLabel.h */,
				25C21E1F1F8AF77D0011E8E5 /* HyperlinkLabel.m */,
			);
			path = Views;
			sourceTree = "<group>";
		};
		25556E9B1F7D908900A1C486 /* Controllers */ = {
			isa = PBXGroup;
			children = (
				2517A2BD1F82BFEC004AE168 /* RulesViewController.h */,
				2517A2BE1F82BFEC004AE168 /* RulesViewController.m */,
				2529A0631F87AE0800C7EAF0 /* RulePredicateEditorViewController.h */,
				2529A0641F87AE0800C7EAF0 /* RulePredicateEditorViewController.m */,
				2574E4D41F8534E500FEC112 /* NCLinksUserDefaulsController.h */,
				2574E4D51F8534E500FEC112 /* NCLinksUserDefaulsController.m */,
				25556E9C1F7D90A300A1C486 /* PreferencesViewController.h */,
				25556E9D1F7D90A300A1C486 /* PreferencesViewController.m */,
				253949941F87F38E0079C922 /* NCLinksTabViewController.h */,
				253949951F87F38E0079C922 /* NCLinksTabViewController.m */,
				254A6DE21F8B029F00063E11 /* AboutViewController.h */,
				254A6DE31F8B029F00063E11 /* AboutViewController.m */,
				2563ACEE1F8BDF8B00681D3C /* WindowController.h */,
				2563ACEF1F8BDF8B00681D3C /* WindowController.m */,
				2563ACFB1F8C1FC300681D3C /* StatusBarItemController.h */,
				2563ACFC1F8C1FC300681D3C /* StatusBarItemController.m */,
			);
			path = Controllers;
			sourceTree = "<group>";
		};
		2563ACF11F8C167100681D3C /* ValueTransformers */ = {
			isa = PBXGroup;
			children = (
				2563ACF21F8C169B00681D3C /* IsOneObjectValueTransformer.h */,
				2563ACF31F8C169B00681D3C /* IsOneObjectValueTransformer.m */,
			);
			path = ValueTransformers;
			sourceTree = "<group>";
		};
		25C21E231F8AFA930011E8E5 /* Categories */ = {
			isa = PBXGroup;
			children = (
				25C21E241F8AFABA0011E8E5 /* NSAttributedString+Links.h */,
				25C21E251F8AFABA0011E8E5 /* NSAttributedString+Links.m */,
				25C21E1B1F8AF43A0011E8E5 /* NSBundle+Links.h */,
				25C21E1C1F8AF43A0011E8E5 /* NSBundle+Links.m */,
				2517A2CC1F82CA60004AE168 /* NSUserDefaults+Links.h */,
				2517A2CD1F82CA60004AE168 /* NSUserDefaults+Links.m */,
			);
			path = Categories;
			sourceTree = "<group>";
		};
		25DB3AE71F7D88D200484310 = {
			isa = PBXGroup;
			children = (
				2563ACEC1F8BDD9300681D3C /* TODO.md */,
				25DB3AF21F7D88D200484310 /* NuClear Links */,
				25DB3AF11F7D88D200484310 /* Products */,
			);
			sourceTree = "<group>";
		};
		25DB3AF11F7D88D200484310 /* Products */ = {
			isa = PBXGroup;
			children = (
				25DB3AF01F7D88D200484310 /* NuClear Links.app */,
			);
			name = Products;
			sourceTree = "<group>";
		};
		25DB3AF21F7D88D200484310 /* NuClear Links */ = {
			isa = PBXGroup;
			children = (
				25DB3AF31F7D88D200484310 /* AppDelegate.h */,
				25DB3AF41F7D88D200484310 /* AppDelegate.m */,
				25DB3AFF1F7D88D200484310 /* main.m */,
				2517A2B51F82B95B004AE168 /* Models */,
				2517A2B61F82B965004AE168 /* Resources */,
				25556E9B1F7D908900A1C486 /* Controllers */,
				253949981F8804DA0079C922 /* Views */,
				25C21E231F8AFA930011E8E5 /* Categories */,
				2563ACF11F8C167100681D3C /* ValueTransformers */,
				2563ACF71F8C1D5B00681D3C /* Constants.h */,
			);
			path = "NuClear Links";
			sourceTree = "<group>";
		};
/* End PBXGroup section */

/* Begin PBXNativeTarget section */
		25DB3AEF1F7D88D200484310 /* NuClear Links */ = {
			isa = PBXNativeTarget;
			buildConfigurationList = 25DB3B041F7D88D200484310 /* Build configuration list for PBXNativeTarget "NuClear Links" */;
			buildPhases = (
				25DB3AEC1F7D88D200484310 /* Sources */,
				25DB3AEE1F7D88D200484310 /* Resources */,
				25C21E191F8AF3E00011E8E5 /* ShellScript */,
			);
			buildRules = (
			);
			dependencies = (
			);
			name = "NuClear Links";
			productName = "NuClear Links";
			productReference = 25DB3AF01F7D88D200484310 /* NuClear Links.app */;
			productType = "com.apple.product-type.application";
		};
/* End PBXNativeTarget section */

/* Begin PBXProject section */
		25DB3AE81F7D88D200484310 /* Project object */ = {
			isa = PBXProject;
			attributes = {
				LastUpgradeCheck = 0900;
				ORGANIZATIONNAME = "Dmitrii Afanasev";
				TargetAttributes = {
					25DB3AEF1F7D88D200484310 = {
						CreatedOnToolsVersion = 9.0;
						ProvisioningStyle = Automatic;
						SystemCapabilities = {
							com.apple.ApplicationGroups.Mac = {
								enabled = 0;
							};
							com.apple.Sandbox = {
								enabled = 1;
							};
						};
					};
				};
			};
			buildConfigurationList = 25DB3AEB1F7D88D200484310 /* Build configuration list for PBXProject "NuClear Links" */;
			compatibilityVersion = "Xcode 8.0";
			developmentRegion = en;
			hasScannedForEncodings = 0;
			knownRegions = (
				en,
				Base,
			);
			mainGroup = 25DB3AE71F7D88D200484310;
			productRefGroup = 25DB3AF11F7D88D200484310 /* Products */;
			projectDirPath = "";
			projectRoot = "";
			targets = (
				25DB3AEF1F7D88D200484310 /* NuClear Links */,
			);
		};
/* End PBXProject section */

/* Begin PBXResourcesBuildPhase section */
		25DB3AEE1F7D88D200484310 /* Resources */ = {
			isa = PBXResourcesBuildPhase;
			buildActionMask = 2147483647;
			files = (
				25DB3AFA1F7D88D200484310 /* Assets.xcassets in Resources */,
				25DB3AFD1F7D88D200484310 /* Main.storyboard in Resources */,
			);
			runOnlyForDeploymentPostprocessing = 0;
		};
/* End PBXResourcesBuildPhase section */

/* Begin PBXShellScriptBuildPhase section */
		25C21E191F8AF3E00011E8E5 /* ShellScript */ = {
			isa = PBXShellScriptBuildPhase;
			buildActionMask = 2147483647;
			files = (
			);
			inputPaths = (
			);
			outputPaths = (
			);
			runOnlyForDeploymentPostprocessing = 0;
			shellPath = /bin/sh;
			shellScript = "buildNumber=$(/usr/libexec/PlistBuddy -c \"Print CFBundleVersion\" \"$INFOPLIST_FILE\")\nbuildNumber=$(($buildNumber + 1))\n/usr/libexec/PlistBuddy -c \"Set :CFBundleVersion $buildNumber\" \"$INFOPLIST_FILE\"";
		};
/* End PBXShellScriptBuildPhase section */

/* Begin PBXSourcesBuildPhase section */
		25DB3AEC1F7D88D200484310 /* Sources */ = {
			isa = PBXSourcesBuildPhase;
			buildActionMask = 2147483647;
			files = (
				253949961F87F38E0079C922 /* NCLinksTabViewController.m in Sources */,
				2563ACF01F8BDF8B00681D3C /* WindowController.m in Sources */,
				25C21E201F8AF77D0011E8E5 /* HyperlinkLabel.m in Sources */,
				2574E4D61F8534E500FEC112 /* NCLinksUserDefaulsController.m in Sources */,
				2517A2BF1F82BFEC004AE168 /* RulesViewController.m in Sources */,
				25556E9E1F7D90A300A1C486 /* PreferencesViewController.m in Sources */,
				25DB3B001F7D88D200484310 /* main.m in Sources */,
				2563ACF91F8C1E1800681D3C /* Browser.m in Sources */,
				2563ACFD1F8C1FC300681D3C /* StatusBarItemController.m in Sources */,
				25DB3AF51F7D88D200484310 /* AppDelegate.m in Sources */,
				25C21E261F8AFABA0011E8E5 /* NSAttributedString+Links.m in Sources */,
				2563ACF81F8C1E1500681D3C /* Rule.m in Sources */,
				2563ACF41F8C169B00681D3C /* IsOneObjectValueTransformer.m in Sources */,
				254A6DE41F8B029F00063E11 /* AboutViewController.m in Sources */,
				2539F2EA1F88137300AB42C4 /* BrowserPopUpButton.m in Sources */,
				2563ACF61F8C1AB400681D3C /* NSBundle+Links.m in Sources */,
				2529A0651F87AE0800C7EAF0 /* RulePredicateEditorViewController.m in Sources */,
				2563ACF51F8C1AB400681D3C /* NSUserDefaults+Links.m in Sources */,
			);
			runOnlyForDeploymentPostprocessing = 0;
		};
/* End PBXSourcesBuildPhase section */

/* Begin PBXVariantGroup section */
		25DB3AFB1F7D88D200484310 /* Main.storyboard */ = {
			isa = PBXVariantGroup;
			children = (
				25DB3AFC1F7D88D200484310 /* Base */,
			);
			name = Main.storyboard;
			sourceTree = "<group>";
		};
/* End PBXVariantGroup section */

/* Begin XCBuildConfiguration section */
		25DB3B021F7D88D200484310 /* Debug */ = {
			isa = XCBuildConfiguration;
			buildSettings = {
				ALWAYS_SEARCH_USER_PATHS = NO;
				CLANG_ANALYZER_NONNULL = YES;
				CLANG_ANALYZER_NUMBER_OBJECT_CONVERSION = YES_AGGRESSIVE;
				CLANG_CXX_LANGUAGE_STANDARD = "gnu++14";
				CLANG_CXX_LIBRARY = "libc++";
				CLANG_ENABLE_MODULES = YES;
				CLANG_ENABLE_OBJC_ARC = YES;
				CLANG_WARN_BLOCK_CAPTURE_AUTORELEASING = YES;
				CLANG_WARN_BOOL_CONVERSION = YES;
				CLANG_WARN_COMMA = YES;
				CLANG_WARN_CONSTANT_CONVERSION = YES;
				CLANG_WARN_DIRECT_OBJC_ISA_USAGE = YES_ERROR;
				CLANG_WARN_DOCUMENTATION_COMMENTS = YES;
				CLANG_WARN_EMPTY_BODY = YES;
				CLANG_WARN_ENUM_CONVERSION = YES;
				CLANG_WARN_INFINITE_RECURSION = YES;
				CLANG_WARN_INT_CONVERSION = YES;
				CLANG_WARN_NON_LITERAL_NULL_CONVERSION = YES;
				CLANG_WARN_OBJC_LITERAL_CONVERSION = YES;
				CLANG_WARN_OBJC_ROOT_CLASS = YES_ERROR;
				CLANG_WARN_RANGE_LOOP_ANALYSIS = YES;
				CLANG_WARN_STRICT_PROTOTYPES = YES;
				CLANG_WARN_SUSPICIOUS_MOVE = YES;
				CLANG_WARN_UNGUARDED_AVAILABILITY = YES_AGGRESSIVE;
				CLANG_WARN_UNREACHABLE_CODE = YES;
				CLANG_WARN__DUPLICATE_METHOD_MATCH = YES;
				CODE_SIGN_IDENTITY = "Mac Developer";
				COPY_PHASE_STRIP = NO;
				DEBUG_INFORMATION_FORMAT = dwarf;
				ENABLE_STRICT_OBJC_MSGSEND = YES;
				ENABLE_TESTABILITY = YES;
				GCC_C_LANGUAGE_STANDARD = gnu11;
				GCC_DYNAMIC_NO_PIC = NO;
				GCC_NO_COMMON_BLOCKS = YES;
				GCC_OPTIMIZATION_LEVEL = 0;
				GCC_PREPROCESSOR_DEFINITIONS = (
					"DEBUG=1",
					"$(inherited)",
				);
				GCC_WARN_64_TO_32_BIT_CONVERSION = YES;
				GCC_WARN_ABOUT_RETURN_TYPE = YES_ERROR;
				GCC_WARN_UNDECLARED_SELECTOR = YES;
				GCC_WARN_UNINITIALIZED_AUTOS = YES_AGGRESSIVE;
				GCC_WARN_UNUSED_FUNCTION = YES;
				GCC_WARN_UNUSED_VARIABLE = YES;
				MACOSX_DEPLOYMENT_TARGET = 10.12;
				MTL_ENABLE_DEBUG_INFO = YES;
				ONLY_ACTIVE_ARCH = YES;
				SDKROOT = macosx;
			};
			name = Debug;
		};
		25DB3B031F7D88D200484310 /* Release */ = {
			isa = XCBuildConfiguration;
			buildSettings = {
				ALWAYS_SEARCH_USER_PATHS = NO;
				CLANG_ANALYZER_NONNULL = YES;
				CLANG_ANALYZER_NUMBER_OBJECT_CONVERSION = YES_AGGRESSIVE;
				CLANG_CXX_LANGUAGE_STANDARD = "gnu++14";
				CLANG_CXX_LIBRARY = "libc++";
				CLANG_ENABLE_MODULES = YES;
				CLANG_ENABLE_OBJC_ARC = YES;
				CLANG_WARN_BLOCK_CAPTURE_AUTORELEASING = YES;
				CLANG_WARN_BOOL_CONVERSION = YES;
				CLANG_WARN_COMMA = YES;
				CLANG_WARN_CONSTANT_CONVERSION = YES;
				CLANG_WARN_DIRECT_OBJC_ISA_USAGE = YES_ERROR;
				CLANG_WARN_DOCUMENTATION_COMMENTS = YES;
				CLANG_WARN_EMPTY_BODY = YES;
				CLANG_WARN_ENUM_CONVERSION = YES;
				CLANG_WARN_INFINITE_RECURSION = YES;
				CLANG_WARN_INT_CONVERSION = YES;
				CLANG_WARN_NON_LITERAL_NULL_CONVERSION = YES;
				CLANG_WARN_OBJC_LITERAL_CONVERSION = YES;
				CLANG_WARN_OBJC_ROOT_CLASS = YES_ERROR;
				CLANG_WARN_RANGE_LOOP_ANALYSIS = YES;
				CLANG_WARN_STRICT_PROTOTYPES = YES;
				CLANG_WARN_SUSPICIOUS_MOVE = YES;
				CLANG_WARN_UNGUARDED_AVAILABILITY = YES_AGGRESSIVE;
				CLANG_WARN_UNREACHABLE_CODE = YES;
				CLANG_WARN__DUPLICATE_METHOD_MATCH = YES;
				CODE_SIGN_IDENTITY = "Mac Developer";
				COPY_PHASE_STRIP = NO;
				DEBUG_INFORMATION_FORMAT = "dwarf-with-dsym";
				ENABLE_NS_ASSERTIONS = NO;
				ENABLE_STRICT_OBJC_MSGSEND = YES;
				GCC_C_LANGUAGE_STANDARD = gnu11;
				GCC_NO_COMMON_BLOCKS = YES;
				GCC_WARN_64_TO_32_BIT_CONVERSION = YES;
				GCC_WARN_ABOUT_RETURN_TYPE = YES_ERROR;
				GCC_WARN_UNDECLARED_SELECTOR = YES;
				GCC_WARN_UNINITIALIZED_AUTOS = YES_AGGRESSIVE;
				GCC_WARN_UNUSED_FUNCTION = YES;
				GCC_WARN_UNUSED_VARIABLE = YES;
				MACOSX_DEPLOYMENT_TARGET = 10.12;
				MTL_ENABLE_DEBUG_INFO = NO;
				SDKROOT = macosx;
			};
			name = Release;
		};
		25DB3B051F7D88D200484310 /* Debug */ = {
			isa = XCBuildConfiguration;
			buildSettings = {
				ASSETCATALOG_COMPILER_APPICON_NAME = AppIcon;
				CLANG_ALLOW_NON_MODULAR_INCLUDES_IN_FRAMEWORK_MODULES = NO;
				CODE_SIGN_ENTITLEMENTS = "NuClear Links/NuClear Links.entitlements";
				CODE_SIGN_STYLE = Automatic;
				COMBINE_HIDPI_IMAGES = YES;
				DEVELOPMENT_TEAM = Z5QP29E2U5;
				INFOPLIST_FILE = "NuClear Links/Info.plist";
				LD_RUNPATH_SEARCH_PATHS = "$(inherited) @executable_path/../Frameworks";
				PRODUCT_BUNDLE_IDENTIFIER = "com.nuclear-tools.NuClear-Links";
				PRODUCT_NAME = "$(TARGET_NAME)";
			};
			name = Debug;
		};
		25DB3B061F7D88D200484310 /* Release */ = {
			isa = XCBuildConfiguration;
			buildSettings = {
				ASSETCATALOG_COMPILER_APPICON_NAME = AppIcon;
				CLANG_ALLOW_NON_MODULAR_INCLUDES_IN_FRAMEWORK_MODULES = NO;
				CODE_SIGN_ENTITLEMENTS = "NuClear Links/NuClear Links.entitlements";
				CODE_SIGN_STYLE = Automatic;
				COMBINE_HIDPI_IMAGES = YES;
				DEVELOPMENT_TEAM = Z5QP29E2U5;
				INFOPLIST_FILE = "NuClear Links/Info.plist";
				LD_RUNPATH_SEARCH_PATHS = "$(inherited) @executable_path/../Frameworks";
				PRODUCT_BUNDLE_IDENTIFIER = "com.nuclear-tools.NuClear-Links";
				PRODUCT_NAME = "$(TARGET_NAME)";
			};
			name = Release;
		};
/* End XCBuildConfiguration section */

/* Begin XCConfigurationList section */
		25DB3AEB1F7D88D200484310 /* Build configuration list for PBXProject "NuClear Links" */ = {
			isa = XCConfigurationList;
			buildConfigurations = (
				25DB3B021F7D88D200484310 /* Debug */,
				25DB3B031F7D88D200484310 /* Release */,
			);
			defaultConfigurationIsVisible = 0;
			defaultConfigurationName = Release;
		};
		25DB3B041F7D88D200484310 /* Build configuration list for PBXNativeTarget "NuClear Links" */ = {
			isa = XCConfigurationList;
			buildConfigurations = (
				25DB3B051F7D88D200484310 /* Debug */,
				25DB3B061F7D88D200484310 /* Release */,
			);
			defaultConfigurationIsVisible = 0;
			defaultConfigurationName = Release;
		};
/* End XCConfigurationList section */
	};
	rootObject = 25DB3AE81F7D88D200484310 /* Project object */;
}
